
Microsoft Visual Studio Solution File, Format Version 12.00
# Visual Studio Version 17
VisualStudioVersion = 17.6.33712.159
MinimumVisualStudioVersion = 10.0.40219.1
Project("{FAE04EC0-301F-11D3-BF4B-00C04F79EFBC}") = "LoginProject", "LoginProject.csproj", "{CCA140DA-4E34-4A92-909D-3338C94F7F5C}"
EndProject
Global
	GlobalSection(SolutionConfigurationPlatforms) = preSolution
		Debug|Any CPU = Debug|Any CPU
		Release|Any CPU = Release|Any CPU
	EndGlobalSection
	GlobalSection(ProjectConfigurationPlatforms) = postSolution
		{CCA140DA-4E34-4A92-909D-3338C94F7F5C}.Debug|Any CPU.ActiveCfg = Debug|Any CPU
		{CCA140DA-4E34-4A92-909D-3338C94F7F5C}.Debug|Any CPU.Build.0 = Debug|Any CPU
		{CCA140DA-4E34-4A92-909D-3338C94F7F5C}.Release|Any CPU.ActiveCfg = Release|Any CPU
		{CCA140DA-4E34-4A92-909D-3338C94F7F5C}.Release|Any CPU.Build.0 = Release|Any CPU
	EndGlobalSection
	GlobalSection(SolutionProperties) = preSolution
		HideSolutionNode = FALSE
	EndGlobalSection
	GlobalSection(ExtensibilityGlobals) = postSolution
		SolutionGuid = {3B8EF3A8-DC4E-455F-8A92-CB366865CDB8}
	EndGlobalSection
EndGlobal
